
Microsoft Visual Studio Solution File, Format Version 12.00
# Visual Studio Version 17
VisualStudioVersion = 17.5.002.0
MinimumVisualStudioVersion = 10.0.40219.1
Project("{9A19103F-16F7-4668-BE54-9A1E7A4F7556}") = "Correcao-pdfExercicioAula71", "Correcao-pdfExercicioAula71.csproj", "{2E147B16-A545-4518-BDEF-7A79A8F24FCA}"
EndProject
Global
	GlobalSection(SolutionConfigurationPlatforms) = preSolution
		Debug|Any CPU = Debug|Any CPU
		Release|Any CPU = Release|Any CPU
	EndGlobalSection
	GlobalSection(ProjectConfigurationPlatforms) = postSolution
		{2E147B16-A545-4518-BDEF-7A79A8F24FCA}.Debug|Any CPU.ActiveCfg = Debug|Any CPU
		{2E147B16-A545-4518-BDEF-7A79A8F24FCA}.Debug|Any CPU.Build.0 = Debug|Any CPU
		{2E147B16-A545-4518-BDEF-7A79A8F24FCA}.Release|Any CPU.ActiveCfg = Release|Any CPU
		{2E147B16-A545-4518-BDEF-7A79A8F24FCA}.Release|Any CPU.Build.0 = Release|Any CPU
	EndGlobalSection
	GlobalSection(SolutionProperties) = preSolution
		HideSolutionNode = FALSE
	EndGlobalSection
	GlobalSection(ExtensibilityGlobals) = postSolution
		SolutionGuid = {C6CF0E65-E8C7-4CD0-A631-131F2CFDAA15}
	EndGlobalSection
EndGlobal
