
Microsoft Visual Studio Solution File, Format Version 12.00
# Visual Studio Version 17
VisualStudioVersion = 17.5.002.0
MinimumVisualStudioVersion = 10.0.40219.1
Project("{9A19103F-16F7-4668-BE54-9A1E7A4F7556}") = "Correcao-pdfExercicioAula80", "Correcao-pdfExercicioAula80.csproj", "{7B97F13F-F1F0-4960-9CD8-C13F913D9BA8}"
EndProject
Global
	GlobalSection(SolutionConfigurationPlatforms) = preSolution
		Debug|Any CPU = Debug|Any CPU
		Release|Any CPU = Release|Any CPU
	EndGlobalSection
	GlobalSection(ProjectConfigurationPlatforms) = postSolution
		{7B97F13F-F1F0-4960-9CD8-C13F913D9BA8}.Debug|Any CPU.ActiveCfg = Debug|Any CPU
		{7B97F13F-F1F0-4960-9CD8-C13F913D9BA8}.Debug|Any CPU.Build.0 = Debug|Any CPU
		{7B97F13F-F1F0-4960-9CD8-C13F913D9BA8}.Release|Any CPU.ActiveCfg = Release|Any CPU
		{7B97F13F-F1F0-4960-9CD8-C13F913D9BA8}.Release|Any CPU.Build.0 = Release|Any CPU
	EndGlobalSection
	GlobalSection(SolutionProperties) = preSolution
		HideSolutionNode = FALSE
	EndGlobalSection
	GlobalSection(ExtensibilityGlobals) = postSolution
		SolutionGuid = {766ABE1A-BA65-469D-BC25-6854712C2CA3}
	EndGlobalSection
EndGlobal
