
Microsoft Visual Studio Solution File, Format Version 12.00
# Visual Studio Version 17
VisualStudioVersion = 17.5.002.0
MinimumVisualStudioVersion = 10.0.40219.1
Project("{9A19103F-16F7-4668-BE54-9A1E7A4F7556}") = "Exercício_Estartando", "Exercício_Estartando.csproj", "{0C65073D-C13F-487E-944A-6BEDB2B23535}"
EndProject
Global
	GlobalSection(SolutionConfigurationPlatforms) = preSolution
		Debug|Any CPU = Debug|Any CPU
		Release|Any CPU = Release|Any CPU
	EndGlobalSection
	GlobalSection(ProjectConfigurationPlatforms) = postSolution
		{0C65073D-C13F-487E-944A-6BEDB2B23535}.Debug|Any CPU.ActiveCfg = Debug|Any CPU
		{0C65073D-C13F-487E-944A-6BEDB2B23535}.Debug|Any CPU.Build.0 = Debug|Any CPU
		{0C65073D-C13F-487E-944A-6BEDB2B23535}.Release|Any CPU.ActiveCfg = Release|Any CPU
		{0C65073D-C13F-487E-944A-6BEDB2B23535}.Release|Any CPU.Build.0 = Release|Any CPU
	EndGlobalSection
	GlobalSection(SolutionProperties) = preSolution
		HideSolutionNode = FALSE
	EndGlobalSection
	GlobalSection(ExtensibilityGlobals) = postSolution
		SolutionGuid = {90478EDE-4D08-4EF9-A23E-E430CBACD737}
	EndGlobalSection
EndGlobal
